
Microsoft Visual Studio Solution File, Format Version 12.00
# Visual Studio Version 16
VisualStudioVersion = 16.0.28922.388
MinimumVisualStudioVersion = 10.0.40219.1
Project("{FAE04EC0-301F-11D3-BF4B-00C04F79EFBC}") = "firstNonRepeatingChar", "firstNonRepeatingChar\firstNonRepeatingChar.csproj", "{B3BF3660-5A75-467C-BCC4-214FC5BBA2D7}"
EndProject
Project("{FAE04EC0-301F-11D3-BF4B-00C04F79EFBC}") = "firstNonRepeatingChar.Tests", "firstNonRepeatingChar.Tests\firstNonRepeatingChar.Tests.csproj", "{0037ED7F-36FC-4B63-BFCF-0C5207CB8CB6}"
EndProject
Global
	GlobalSection(SolutionConfigurationPlatforms) = preSolution
		Debug|Any CPU = Debug|Any CPU
		Release|Any CPU = Release|Any CPU
	EndGlobalSection
	GlobalSection(ProjectConfigurationPlatforms) = postSolution
		{B3BF3660-5A75-467C-BCC4-214FC5BBA2D7}.Debug|Any CPU.ActiveCfg = Debug|Any CPU
		{B3BF3660-5A75-467C-BCC4-214FC5BBA2D7}.Debug|Any CPU.Build.0 = Debug|Any CPU
		{B3BF3660-5A75-467C-BCC4-214FC5BBA2D7}.Release|Any CPU.ActiveCfg = Release|Any CPU
		{B3BF3660-5A75-467C-BCC4-214FC5BBA2D7}.Release|Any CPU.Build.0 = Release|Any CPU
		{0037ED7F-36FC-4B63-BFCF-0C5207CB8CB6}.Debug|Any CPU.ActiveCfg = Debug|Any CPU
		{0037ED7F-36FC-4B63-BFCF-0C5207CB8CB6}.Debug|Any CPU.Build.0 = Debug|Any CPU
		{0037ED7F-36FC-4B63-BFCF-0C5207CB8CB6}.Release|Any CPU.ActiveCfg = Release|Any CPU
		{0037ED7F-36FC-4B63-BFCF-0C5207CB8CB6}.Release|Any CPU.Build.0 = Release|Any CPU
	EndGlobalSection
	GlobalSection(SolutionProperties) = preSolution
		HideSolutionNode = FALSE
	EndGlobalSection
	GlobalSection(ExtensibilityGlobals) = postSolution
		SolutionGuid = {176AF60A-BC5A-44CE-B5AF-CBD18E3FC93F}
	EndGlobalSection
EndGlobal
